// !$*UTF8*$!
{
	archiveVersion = 1;
	classes = {
	};
	objectVersion = 55;
	objects = {

/* Begin PBXBuildFile section */
		C398261826FA63F200002C4D /* AppDelegate.swift in Sources */ = {isa = PBXBuildFile; fileRef = C398261726FA63F200002C4D /* AppDelegate.swift */; };
		C398261A26FA63F200002C4D /* SceneDelegate.swift in Sources */ = {isa = PBXBuildFile; fileRef = C398261926FA63F200002C4D /* SceneDelegate.swift */; };
		C398261C26FA63F200002C4D /* ViewController.swift in Sources */ = {isa = PBXBuildFile; fileRef = C398261B26FA63F200002C4D /* ViewController.swift */; };
		C398261F26FA63F200002C4D /* Main.storyboard in Resources */ = {isa = PBXBuildFile; fileRef = C398261D26FA63F200002C4D /* Main.storyboard */; };
		C398262126FA63FB00002C4D /* Assets.xcassets in Resources */ = {isa = PBXBuildFile; fileRef = C398262026FA63FB00002C4D /* Assets.xcassets */; };
		C398262426FA63FB00002C4D /* LaunchScreen.storyboard in Resources */ = {isa = PBXBuildFile; fileRef = C398262226FA63FB00002C4D /* LaunchScreen.storyboard */; };
		C398262C26FA69A800002C4D /* DataProvider.swift in Sources */ = {isa = PBXBuildFile; fileRef = C398262B26FA69A800002C4D /* DataProvider.swift */; };
		C398262E26FA750200002C4D /* Person.swift in Sources */ = {isa = PBXBuildFile; fileRef = C398262D26FA750200002C4D /* Person.swift */; };
/* End PBXBuildFile section */

/* Begin PBXFileReference section */
		C398261426FA63F200002C4D /* SwiftProgrammers.app */ = {isa = PBXFileReference; explicitFileType = wrapper.application; includeInIndex = 0; path = SwiftProgrammers.app; sourceTree = BUILT_PRODUCTS_DIR; };
		C398261726FA63F200002C4D /* AppDelegate.swift */ = {isa = PBXFileReference; lastKnownFileType = sourcecode.swift; path = AppDelegate.swift; sourceTree = "<group>"; };
		C398261926FA63F200002C4D /* SceneDelegate.swift */ = {isa = PBXFileReference; lastKnownFileType = sourcecode.swift; path = SceneDelegate.swift; sourceTree = "<group>"; };
		C398261B26FA63F200002C4D /* ViewController.swift */ = {isa = PBXFileReference; lastKnownFileType = sourcecode.swift; path = ViewController.swift; sourceTree = "<group>"; };
		C398261E26FA63F200002C4D /* Base */ = {isa = PBXFileReference; lastKnownFileType = file.storyboard; name = Base; path = Base.lproj/Main.storyboard; sourceTree = "<group>"; };
		C398262026FA63FB00002C4D /* Assets.xcassets */ = {isa = PBXFileReference; lastKnownFileType = folder.assetcatalog; path = Assets.xcassets; sourceTree = "<group>"; };
		C398262326FA63FB00002C4D /* Base */ = {isa = PBXFileReference; lastKnownFileType = file.storyboard; name = Base; path = Base.lproj/LaunchScreen.storyboard; sourceTree = "<group>"; };
		C398262526FA63FB00002C4D /* Info.plist */ = {isa = PBXFileReference; lastKnownFileType = text.plist.xml; path = Info.plist; sourceTree = "<group>"; };
		C398262B26FA69A800002C4D /* DataProvider.swift */ = {isa = PBXFileReference; lastKnownFileType = sourcecode.swift; path = DataProvider.swift; sourceTree = "<group>"; };
		C398262D26FA750200002C4D /* Person.swift */ = {isa = PBXFileReference; lastKnownFileType = sourcecode.swift; path = Person.swift; sourceTree = "<group>"; };
/* End PBXFileReference section */

/* Begin PBXFrameworksBuildPhase section */
		C398261126FA63F200002C4D /* Frameworks */ = {
			isa = PBXFrameworksBuildPhase;
			buildActionMask = 2147483647;
			files = (
			);
			runOnlyForDeploymentPostprocessing = 0;
		};
/* End PBXFrameworksBuildPhase section */

/* Begin PBXGroup section */
		C398260B26FA63F200002C4D = {
			isa = PBXGroup;
			children = (
				C398261626FA63F200002C4D /* SwiftProgrammers */,
				C398261526FA63F200002C4D /* Products */,
			);
			sourceTree = "<group>";
		};
		C398261526FA63F200002C4D /* Products */ = {
			isa = PBXGroup;
			children = (
				C398261426FA63F200002C4D /* SwiftProgrammers.app */,
			);
			name = Products;
			sourceTree = "<group>";
		};
		C398261626FA63F200002C4D /* SwiftProgrammers */ = {
			isa = PBXGroup;
			children = (
				C398262B26FA69A800002C4D /* DataProvider.swift */,
				C398261726FA63F200002C4D /* AppDelegate.swift */,
				C398261926FA63F200002C4D /* SceneDelegate.swift */,
				C398261B26FA63F200002C4D /* ViewController.swift */,
				C398261D26FA63F200002C4D /* Main.storyboard */,
				C398262026FA63FB00002C4D /* Assets.xcassets */,
				C398262226FA63FB00002C4D /* LaunchScreen.storyboard */,
				C398262526FA63FB00002C4D /* Info.plist */,
				C398262D26FA750200002C4D /* Person.swift */,
			);
			path = SwiftProgrammers;
			sourceTree = "<group>";
		};
/* End PBXGroup section */

/* Begin PBXNativeTarget section */
		C398261326FA63F200002C4D /* SwiftProgrammers */ = {
			isa = PBXNativeTarget;
			buildConfigurationList = C398262826FA63FB00002C4D /* Build configuration list for PBXNativeTarget "SwiftProgrammers" */;
			buildPhases = (
				C398261026FA63F200002C4D /* Sources */,
				C398261126FA63F200002C4D /* Frameworks */,
				C398261226FA63F200002C4D /* Resources */,
			);
			buildRules = (
			);
			dependencies = (
			);
			name = SwiftProgrammers;
			productName = SwiftProgrammers;
			productReference = C398261426FA63F200002C4D /* SwiftProgrammers.app */;
			productType = "com.apple.product-type.application";
		};
/* End PBXNativeTarget section */

/* Begin PBXProject section */
		C398260C26FA63F200002C4D /* Project object */ = {
			isa = PBXProject;
			attributes = {
				BuildIndependentTargetsInParallel = 1;
				LastSwiftUpdateCheck = 1300;
				LastUpgradeCheck = 1300;
				TargetAttributes = {
					C398261326FA63F200002C4D = {
						CreatedOnToolsVersion = 13.0;
					};
				};
			};
			buildConfigurationList = C398260F26FA63F200002C4D /* Build configuration list for PBXProject "SwiftProgrammers" */;
			compatibilityVersion = "Xcode 13.0";
			developmentRegion = en;
			hasScannedForEncodings = 0;
			knownRegions = (
				en,
				Base,
			);
			mainGroup = C398260B26FA63F200002C4D;
			productRefGroup = C398261526FA63F200002C4D /* Products */;
			projectDirPath = "";
			projectRoot = "";
			targets = (
				C398261326FA63F200002C4D /* SwiftProgrammers */,
			);
		};
/* End PBXProject section */

/* Begin PBXResourcesBuildPhase section */
		C398261226FA63F200002C4D /* Resources */ = {
			isa = PBXResourcesBuildPhase;
			buildActionMask = 2147483647;
			files = (
				C398262426FA63FB00002C4D /* LaunchScreen.storyboard in Resources */,
				C398262126FA63FB00002C4D /* Assets.xcassets in Resources */,
				C398261F26FA63F200002C4D /* Main.storyboard in Resources */,
			);
			runOnlyForDeploymentPostprocessing = 0;
		};
/* End PBXResourcesBuildPhase section */

/* Begin PBXSourcesBuildPhase section */
		C398261026FA63F200002C4D /* Sources */ = {
			isa = PBXSourcesBuildPhase;
			buildActionMask = 2147483647;
			files = (
				C398262E26FA750200002C4D /* Person.swift in Sources */,
				C398261C26FA63F200002C4D /* ViewController.swift in Sources */,
				C398261826FA63F200002C4D /* AppDelegate.swift in Sources */,
				C398262C26FA69A800002C4D /* DataProvider.swift in Sources */,
				C398261A26FA63F200002C4D /* SceneDelegate.swift in Sources */,
			);
			runOnlyForDeploymentPostprocessing = 0;
		};
/* End PBXSourcesBuildPhase section */

/* Begin PBXVariantGroup section */
		C398261D26FA63F200002C4D /* Main.storyboard */ = {
			isa = PBXVariantGroup;
			children = (
				C398261E26FA63F200002C4D /* Base */,
			);
			name = Main.storyboard;
			sourceTree = "<group>";
		};
		C398262226FA63FB00002C4D /* LaunchScreen.storyboard */ = {
			isa = PBXVariantGroup;
			children = (
				C398262326FA63FB00002C4D /* Base */,
			);
			name = LaunchScreen.storyboard;
			sourceTree = "<group>";
		};
/* End PBXVariantGroup section */

/* Begin XCBuildConfiguration section */
		C398262626FA63FB00002C4D /* Debug */ = {
			isa = XCBuildConfiguration;
			buildSettings = {
				ALWAYS_SEARCH_USER_PATHS = NO;
				CLANG_ANALYZER_NONNULL = YES;
				CLANG_ANALYZER_NUMBER_OBJECT_CONVERSION = YES_AGGRESSIVE;
				CLANG_CXX_LANGUAGE_STANDARD = "gnu++17";
				CLANG_CXX_LIBRARY = "libc++";
				CLANG_ENABLE_MODULES = YES;
				CLANG_ENABLE_OBJC_ARC = YES;
				CLANG_ENABLE_OBJC_WEAK = YES;
				CLANG_WARN_BLOCK_CAPTURE_AUTORELEASING = YES;
				CLANG_WARN_BOOL_CONVERSION = YES;
				CLANG_WARN_COMMA = YES;
				CLANG_WARN_CONSTANT_CONVERSION = YES;
				CLANG_WARN_DEPRECATED_OBJC_IMPLEMENTATIONS = YES;
				CLANG_WARN_DIRECT_OBJC_ISA_USAGE = YES_ERROR;
				CLANG_WARN_DOCUMENTATION_COMMENTS = YES;
				CLANG_WARN_EMPTY_BODY = YES;
				CLANG_WARN_ENUM_CONVERSION = YES;
				CLANG_WARN_INFINITE_RECURSION = YES;
				CLANG_WARN_INT_CONVERSION = YES;
				CLANG_WARN_NON_LITERAL_NULL_CONVERSION = YES;
				CLANG_WARN_OBJC_IMPLICIT_RETAIN_SELF = YES;
				CLANG_WARN_OBJC_LITERAL_CONVERSION = YES;
				CLANG_WARN_OBJC_ROOT_CLASS = YES_ERROR;
				CLANG_WARN_QUOTED_INCLUDE_IN_FRAMEWORK_HEADER = YES;
				CLANG_WARN_RANGE_LOOP_ANALYSIS = YES;
				CLANG_WARN_STRICT_PROTOTYPES = YES;
				CLANG_WARN_SUSPICIOUS_MOVE = YES;
				CLANG_WARN_UNGUARDED_AVAILABILITY = YES_AGGRESSIVE;
				CLANG_WARN_UNREACHABLE_CODE = YES;
				CLANG_WARN__DUPLICATE_METHOD_MATCH = YES;
				COPY_PHASE_STRIP = NO;
				DEBUG_INFORMATION_FORMAT = dwarf;
				ENABLE_STRICT_OBJC_MSGSEND = YES;
				ENABLE_TESTABILITY = YES;
				GCC_C_LANGUAGE_STANDARD = gnu11;
				GCC_DYNAMIC_NO_PIC = NO;
				GCC_NO_COMMON_BLOCKS = YES;
				GCC_OPTIMIZATION_LEVEL = 0;
				GCC_PREPROCESSOR_DEFINITIONS = (
					"DEBUG=1",
					"$(inherited)",
				);
				GCC_WARN_64_TO_32_BIT_CONVERSION = YES;
				GCC_WARN_ABOUT_RETURN_TYPE = YES_ERROR;
				GCC_WARN_UNDECLARED_SELECTOR = YES;
				GCC_WARN_UNINITIALIZED_AUTOS = YES_AGGRESSIVE;
				GCC_WARN_UNUSED_FUNCTION = YES;
				GCC_WARN_UNUSED_VARIABLE = YES;
				IPHONEOS_DEPLOYMENT_TARGET = 15.0;
				MTL_ENABLE_DEBUG_INFO = INCLUDE_SOURCE;
				MTL_FAST_MATH = YES;
				ONLY_ACTIVE_ARCH = YES;
				SDKROOT = iphoneos;
				SWIFT_ACTIVE_COMPILATION_CONDITIONS = DEBUG;
				SWIFT_OPTIMIZATION_LEVEL = "-Onone";
			};
			name = Debug;
		};
		C398262726FA63FB00002C4D /* Release */ = {
			isa = XCBuildConfiguration;
			buildSettings = {
				ALWAYS_SEARCH_USER_PATHS = NO;
				CLANG_ANALYZER_NONNULL = YES;
				CLANG_ANALYZER_NUMBER_OBJECT_CONVERSION = YES_AGGRESSIVE;
				CLANG_CXX_LANGUAGE_STANDARD = "gnu++17";
				CLANG_CXX_LIBRARY = "libc++";
				CLANG_ENABLE_MODULES = YES;
				CLANG_ENABLE_OBJC_ARC = YES;
				CLANG_ENABLE_OBJC_WEAK = YES;
				CLANG_WARN_BLOCK_CAPTURE_AUTORELEASING = YES;
				CLANG_WARN_BOOL_CONVERSION = YES;
				CLANG_WARN_COMMA = YES;
				CLANG_WARN_CONSTANT_CONVERSION = YES;
				CLANG_WARN_DEPRECATED_OBJC_IMPLEMENTATIONS = YES;
				CLANG_WARN_DIRECT_OBJC_ISA_USAGE = YES_ERROR;
				CLANG_WARN_DOCUMENTATION_COMMENTS = YES;
				CLANG_WARN_EMPTY_BODY = YES;
				CLANG_WARN_ENUM_CONVERSION = YES;
				CLANG_WARN_INFINITE_RECURSION = YES;
				CLANG_WARN_INT_CONVERSION = YES;
				CLANG_WARN_NON_LITERAL_NULL_CONVERSION = YES;
				CLANG_WARN_OBJC_IMPLICIT_RETAIN_SELF = YES;
				CLANG_WARN_OBJC_LITERAL_CONVERSION = YES;
				CLANG_WARN_OBJC_ROOT_CLASS = YES_ERROR;
				CLANG_WARN_QUOTED_INCLUDE_IN_FRAMEWORK_HEADER = YES;
				CLANG_WARN_RANGE_LOOP_ANALYSIS = YES;
				CLANG_WARN_STRICT_PROTOTYPES = YES;
				CLANG_WARN_SUSPICIOUS_MOVE = YES;
				CLANG_WARN_UNGUARDED_AVAILABILITY = YES_AGGRESSIVE;
				CLANG_WARN_UNREACHABLE_CODE = YES;
				CLANG_WARN__DUPLICATE_METHOD_MATCH = YES;
				COPY_PHASE_STRIP = NO;
				DEBUG_INFORMATION_FORMAT = "dwarf-with-dsym";
				ENABLE_NS_ASSERTIONS = NO;
				ENABLE_STRICT_OBJC_MSGSEND = YES;
				GCC_C_LANGUAGE_STANDARD = gnu11;
				GCC_NO_COMMON_BLOCKS = YES;
				GCC_WARN_64_TO_32_BIT_CONVERSION = YES;
				GCC_WARN_ABOUT_RETURN_TYPE = YES_ERROR;
				GCC_WARN_UNDECLARED_SELECTOR = YES;
				GCC_WARN_UNINITIALIZED_AUTOS = YES_AGGRESSIVE;
				GCC_WARN_UNUSED_FUNCTION = YES;
				GCC_WARN_UNUSED_VARIABLE = YES;
				IPHONEOS_DEPLOYMENT_TARGET = 15.0;
				MTL_ENABLE_DEBUG_INFO = NO;
				MTL_FAST_MATH = YES;
				SDKROOT = iphoneos;
				SWIFT_COMPILATION_MODE = wholemodule;
				SWIFT_OPTIMIZATION_LEVEL = "-O";
				VALIDATE_PRODUCT = YES;
			};
			name = Release;
		};
		C398262926FA63FB00002C4D /* Debug */ = {
			isa = XCBuildConfiguration;
			buildSettings = {
				ASSETCATALOG_COMPILER_APPICON_NAME = AppIcon;
				ASSETCATALOG_COMPILER_GLOBAL_ACCENT_COLOR_NAME = AccentColor;
				CODE_SIGN_STYLE = Automatic;
				CURRENT_PROJECT_VERSION = 1;
				DEVELOPMENT_TEAM = 9FBLM9P3TQ;
				GENERATE_INFOPLIST_FILE = YES;
				INFOPLIST_FILE = SwiftProgrammers/Info.plist;
				INFOPLIST_KEY_UIApplicationSupportsIndirectInputEvents = YES;
				INFOPLIST_KEY_UILaunchStoryboardName = LaunchScreen;
				INFOPLIST_KEY_UIMainStoryboardFile = Main;
				INFOPLIST_KEY_UISupportedInterfaceOrientations_iPad = "UIInterfaceOrientationPortrait UIInterfaceOrientationPortraitUpsideDown UIInterfaceOrientationLandscapeLeft UIInterfaceOrientationLandscapeRight";
				INFOPLIST_KEY_UISupportedInterfaceOrientations_iPhone = "UIInterfaceOrientationPortrait UIInterfaceOrientationLandscapeLeft UIInterfaceOrientationLandscapeRight";
				LD_RUNPATH_SEARCH_PATHS = (
					"$(inherited)",
					"@executable_path/Frameworks",
				);
				MARKETING_VERSION = 1.0;
				PRODUCT_BUNDLE_IDENTIFIER = ch.hslu.ios.SwiftProgrammers;
				PRODUCT_NAME = "$(TARGET_NAME)";
				SWIFT_EMIT_LOC_STRINGS = YES;
				SWIFT_VERSION = 5.0;
				TARGETED_DEVICE_FAMILY = "1,2";
			};
			name = Debug;
		};
		C398262A26FA63FB00002C4D /* Release */ = {
			isa = XCBuildConfiguration;
			buildSettings = {
				ASSETCATALOG_COMPILER_APPICON_NAME = AppIcon;
				ASSETCATALOG_COMPILER_GLOBAL_ACCENT_COLOR_NAME = AccentColor;
				CODE_SIGN_STYLE = Automatic;
				CURRENT_PROJECT_VERSION = 1;
				DEVELOPMENT_TEAM = 9FBLM9P3TQ;
				GENERATE_INFOPLIST_FILE = YES;
				INFOPLIST_FILE = SwiftProgrammers/Info.plist;
				INFOPLIST_KEY_UIApplicationSupportsIndirectInputEvents = YES;
				INFOPLIST_KEY_UILaunchStoryboardName = LaunchScreen;
				INFOPLIST_KEY_UIMainStoryboardFile = Main;
				INFOPLIST_KEY_UISupportedInterfaceOrientations_iPad = "UIInterfaceOrientationPortrait UIInterfaceOrientationPortraitUpsideDown UIInterfaceOrientationLandscapeLeft UIInterfaceOrientationLandscapeRight";
				INFOPLIST_KEY_UISupportedInterfaceOrientations_iPhone = "UIInterfaceOrientationPortrait UIInterfaceOrientationLandscapeLeft UIInterfaceOrientationLandscapeRight";
				LD_RUNPATH_SEARCH_PATHS = (
					"$(inherited)",
					"@executable_path/Frameworks",
				);
				MARKETING_VERSION = 1.0;
				PRODUCT_BUNDLE_IDENTIFIER = ch.hslu.ios.SwiftProgrammers;
				PRODUCT_NAME = "$(TARGET_NAME)";
				SWIFT_EMIT_LOC_STRINGS = YES;
				SWIFT_VERSION = 5.0;
				TARGETED_DEVICE_FAMILY = "1,2";
			};
			name = Release;
		};
/* End XCBuildConfiguration section */

/* Begin XCConfigurationList section */
		C398260F26FA63F200002C4D /* Build configuration list for PBXProject "SwiftProgrammers" */ = {
			isa = XCConfigurationList;
			buildConfigurations = (
				C398262626FA63FB00002C4D /* Debug */,
				C398262726FA63FB00002C4D /* Release */,
			);
			defaultConfigurationIsVisible = 0;
			defaultConfigurationName = Release;
		};
		C398262826FA63FB00002C4D /* Build configuration list for PBXNativeTarget "SwiftProgrammers" */ = {
			isa = XCConfigurationList;
			buildConfigurations = (
				C398262926FA63FB00002C4D /* Debug */,
				C398262A26FA63FB00002C4D /* Release */,
			);
			defaultConfigurationIsVisible = 0;
			defaultConfigurationName = Release;
		};
/* End XCConfigurationList section */
	};
	rootObject = C398260C26FA63F200002C4D /* Project object */;
}
